
Microsoft Visual Studio Solution File, Format Version 12.00
# Visual Studio Version 17
VisualStudioVersion = 17.14.36202.13 d17.14
MinimumVisualStudioVersion = 10.0.40219.1
Project("{FAE04EC0-301F-11D3-BF4B-00C04F79EFBC}") = "WebMVC", "WebMVC.csproj", "{C77D86BC-0C26-4DC9-8E3D-D03F37F26701}"
EndProject
Project("{FAE04EC0-301F-11D3-BF4B-00C04F79EFBC}") = "DAL", "..\DAL\DAL.csproj", "{649AC852-FECE-4C77-9320-8B5AB358A703}"
EndProject
Project("{FAE04EC0-301F-11D3-BF4B-00C04F79EFBC}") = "BLL", "..\BLL\BLL.csproj", "{E16D93D8-5DB3-4A83-8118-0EA57C656B9F}"
EndProject
Global
	GlobalSection(SolutionConfigurationPlatforms) = preSolution
		Debug|Any CPU = Debug|Any CPU
		Release|Any CPU = Release|Any CPU
	EndGlobalSection
	GlobalSection(ProjectConfigurationPlatforms) = postSolution
		{C77D86BC-0C26-4DC9-8E3D-D03F37F26701}.Debug|Any CPU.ActiveCfg = Debug|Any CPU
		{C77D86BC-0C26-4DC9-8E3D-D03F37F26701}.Debug|Any CPU.Build.0 = Debug|Any CPU
		{C77D86BC-0C26-4DC9-8E3D-D03F37F26701}.Release|Any CPU.ActiveCfg = Release|Any CPU
		{C77D86BC-0C26-4DC9-8E3D-D03F37F26701}.Release|Any CPU.Build.0 = Release|Any CPU
		{649AC852-FECE-4C77-9320-8B5AB358A703}.Debug|Any CPU.ActiveCfg = Debug|Any CPU
		{649AC852-FECE-4C77-9320-8B5AB358A703}.Debug|Any CPU.Build.0 = Debug|Any CPU
		{649AC852-FECE-4C77-9320-8B5AB358A703}.Release|Any CPU.ActiveCfg = Release|Any CPU
		{649AC852-FECE-4C77-9320-8B5AB358A703}.Release|Any CPU.Build.0 = Release|Any CPU
		{E16D93D8-5DB3-4A83-8118-0EA57C656B9F}.Debug|Any CPU.ActiveCfg = Debug|Any CPU
		{E16D93D8-5DB3-4A83-8118-0EA57C656B9F}.Debug|Any CPU.Build.0 = Debug|Any CPU
		{E16D93D8-5DB3-4A83-8118-0EA57C656B9F}.Release|Any CPU.ActiveCfg = Release|Any CPU
		{E16D93D8-5DB3-4A83-8118-0EA57C656B9F}.Release|Any CPU.Build.0 = Release|Any CPU
	EndGlobalSection
	GlobalSection(SolutionProperties) = preSolution
		HideSolutionNode = FALSE
	EndGlobalSection
	GlobalSection(ExtensibilityGlobals) = postSolution
		SolutionGuid = {CB48027D-21C2-4005-B0FB-62160710E5A3}
	EndGlobalSection
EndGlobal
